// !$*UTF8*$!
{
	archiveVersion = 1;
	classes = {
	};
	objectVersion = 77;
	objects = {

/* Begin PBXContainerItemProxy section */
		255EF80A2E4A1FCD000A8BCA /* PBXContainerItemProxy */ = {
			isa = PBXContainerItemProxy;
			containerPortal = 255EF7F42E4A1FCB000A8BCA /* Project object */;
			proxyType = 1;
			remoteGlobalIDString = 255EF7FB2E4A1FCB000A8BCA;
			remoteInfo = harmonica;
		};
		255EF8142E4A1FCD000A8BCA /* PBXContainerItemProxy */ = {
			isa = PBXContainerItemProxy;
			containerPortal = 255EF7F42E4A1FCB000A8BCA /* Project object */;
			proxyType = 1;
			remoteGlobalIDString = 255EF7FB2E4A1FCB000A8BCA;
			remoteInfo = harmonica;
		};
/* End PBXContainerItemProxy section */

/* Begin PBXFileReference section */
		255EF7FC2E4A1FCB000A8BCA /* harmonica.app */ = {isa = PBXFileReference; explicitFileType = wrapper.application; includeInIndex = 0; path = harmonica.app; sourceTree = BUILT_PRODUCTS_DIR; };
		255EF8092E4A1FCD000A8BCA /* harmonicaTests.xctest */ = {isa = PBXFileReference; explicitFileType = wrapper.cfbundle; includeInIndex = 0; path = harmonicaTests.xctest; sourceTree = BUILT_PRODUCTS_DIR; };
		255EF8132E4A1FCD000A8BCA /* harmonicaUITests.xctest */ = {isa = PBXFileReference; explicitFileType = wrapper.cfbundle; includeInIndex = 0; path = harmonicaUITests.xctest; sourceTree = BUILT_PRODUCTS_DIR; };
/* End PBXFileReference section */

/* Begin PBXFileSystemSynchronizedRootGroup section */
		255EF80C2E4A1FCD000A8BCA /* harmonicaTests */ = {
			isa = PBXFileSystemSynchronizedRootGroup;
			path = harmonicaTests;
			sourceTree = "<group>";
		};
		255EF8162E4A1FCD000A8BCA /* harmonicaUITests */ = {
			isa = PBXFileSystemSynchronizedRootGroup;
			path = harmonicaUITests;
			sourceTree = "<group>";
		};
		2592A0152E4A7515001E2204 /* harmonica */ = {
			isa = PBXFileSystemSynchronizedRootGroup;
			path = harmonica;
			sourceTree = "<group>";
		};
/* End PBXFileSystemSynchronizedRootGroup section */

/* Begin PBXFrameworksBuildPhase section */
		255EF7F92E4A1FCB000A8BCA /* Frameworks */ = {
			isa = PBXFrameworksBuildPhase;
			buildActionMask = 2147483647;
			files = (
			);
			runOnlyForDeploymentPostprocessing = 0;
		};
		255EF8062E4A1FCD000A8BCA /* Frameworks */ = {
			isa = PBXFrameworksBuildPhase;
			buildActionMask = 2147483647;
			files = (
			);
			runOnlyForDeploymentPostprocessing = 0;
		};
		255EF8102E4A1FCD000A8BCA /* Frameworks */ = {
			isa = PBXFrameworksBuildPhase;
			buildActionMask = 2147483647;
			files = (
			);
			runOnlyForDeploymentPostprocessing = 0;
		};
/* End PBXFrameworksBuildPhase section */

/* Begin PBXGroup section */
		255EF7F32E4A1FCB000A8BCA = {
			isa = PBXGroup;
			children = (
				2592A0152E4A7515001E2204 /* harmonica */,
				255EF80C2E4A1FCD000A8BCA /* harmonicaTests */,
				255EF8162E4A1FCD000A8BCA /* harmonicaUITests */,
				255EF7FD2E4A1FCB000A8BCA /* Products */,
			);
			sourceTree = "<group>";
		};
		255EF7FD2E4A1FCB000A8BCA /* Products */ = {
			isa = PBXGroup;
			children = (
				255EF7FC2E4A1FCB000A8BCA /* harmonica.app */,
				255EF8092E4A1FCD000A8BCA /* harmonicaTests.xctest */,
				255EF8132E4A1FCD000A8BCA /* harmonicaUITests.xctest */,
			);
			name = Products;
			sourceTree = "<group>";
		};
/* End PBXGroup section */

/* Begin PBXNativeTarget section */
		255EF7FB2E4A1FCB000A8BCA /* harmonica */ = {
			isa = PBXNativeTarget;
			buildConfigurationList = 255EF81D2E4A1FCD000A8BCA /* Build configuration list for PBXNativeTarget "harmonica" */;
			buildPhases = (
				255EF7F82E4A1FCB000A8BCA /* Sources */,
				255EF7F92E4A1FCB000A8BCA /* Frameworks */,
				255EF7FA2E4A1FCB000A8BCA /* Resources */,
			);
			buildRules = (
			);
			dependencies = (
			);
			fileSystemSynchronizedGroups = (
				2592A0152E4A7515001E2204 /* harmonica */,
			);
			name = harmonica;
			packageProductDependencies = (
			);
			productName = harmonica;
			productReference = 255EF7FC2E4A1FCB000A8BCA /* harmonica.app */;
			productType = "com.apple.product-type.application";
		};
		255EF8082E4A1FCD000A8BCA /* harmonicaTests */ = {
			isa = PBXNativeTarget;
			buildConfigurationList = 255EF8202E4A1FCD000A8BCA /* Build configuration list for PBXNativeTarget "harmonicaTests" */;
			buildPhases = (
				255EF8052E4A1FCD000A8BCA /* Sources */,
				255EF8062E4A1FCD000A8BCA /* Frameworks */,
				255EF8072E4A1FCD000A8BCA /* Resources */,
			);
			buildRules = (
			);
			dependencies = (
				255EF80B2E4A1FCD000A8BCA /* PBXTargetDependency */,
			);
			fileSystemSynchronizedGroups = (
				255EF80C2E4A1FCD000A8BCA /* harmonicaTests */,
			);
			name = harmonicaTests;
			packageProductDependencies = (
			);
			productName = harmonicaTests;
			productReference = 255EF8092E4A1FCD000A8BCA /* harmonicaTests.xctest */;
			productType = "com.apple.product-type.bundle.unit-test";
		};
		255EF8122E4A1FCD000A8BCA /* harmonicaUITests */ = {
			isa = PBXNativeTarget;
			buildConfigurationList = 255EF8232E4A1FCD000A8BCA /* Build configuration list for PBXNativeTarget "harmonicaUITests" */;
			buildPhases = (
				255EF80F2E4A1FCD000A8BCA /* Sources */,
				255EF8102E4A1FCD000A8BCA /* Frameworks */,
				255EF8112E4A1FCD000A8BCA /* Resources */,
			);
			buildRules = (
			);
			dependencies = (
				255EF8152E4A1FCD000A8BCA /* PBXTargetDependency */,
			);
			fileSystemSynchronizedGroups = (
				255EF8162E4A1FCD000A8BCA /* harmonicaUITests */,
			);
			name = harmonicaUITests;
			packageProductDependencies = (
			);
			productName = harmonicaUITests;
			productReference = 255EF8132E4A1FCD000A8BCA /* harmonicaUITests.xctest */;
			productType = "com.apple.product-type.bundle.ui-testing";
		};
/* End PBXNativeTarget section */

/* Begin PBXProject section */
		255EF7F42E4A1FCB000A8BCA /* Project object */ = {
			isa = PBXProject;
			attributes = {
				BuildIndependentTargetsInParallel = 1;
				LastSwiftUpdateCheck = 1640;
				LastUpgradeCheck = 1640;
				TargetAttributes = {
					255EF7FB2E4A1FCB000A8BCA = {
						CreatedOnToolsVersion = 16.4;
					};
					255EF8082E4A1FCD000A8BCA = {
						CreatedOnToolsVersion = 16.4;
						TestTargetID = 255EF7FB2E4A1FCB000A8BCA;
					};
					255EF8122E4A1FCD000A8BCA = {
						CreatedOnToolsVersion = 16.4;
						TestTargetID = 255EF7FB2E4A1FCB000A8BCA;
					};
				};
			};
			buildConfigurationList = 255EF7F72E4A1FCB000A8BCA /* Build configuration list for PBXProject "harmonica" */;
			developmentRegion = en;
			hasScannedForEncodings = 0;
			knownRegions = (
				en,
				Base,
			);
			mainGroup = 255EF7F32E4A1FCB000A8BCA;
			minimizedProjectReferenceProxies = 1;
			preferredProjectObjectVersion = 77;
			productRefGroup = 255EF7FD2E4A1FCB000A8BCA /* Products */;
			projectDirPath = "";
			projectRoot = "";
			targets = (
				255EF7FB2E4A1FCB000A8BCA /* harmonica */,
				255EF8082E4A1FCD000A8BCA /* harmonicaTests */,
				255EF8122E4A1FCD000A8BCA /* harmonicaUITests */,
			);
		};
/* End PBXProject section */

/* Begin PBXResourcesBuildPhase section */
		255EF7FA2E4A1FCB000A8BCA /* Resources */ = {
			isa = PBXResourcesBuildPhase;
			buildActionMask = 2147483647;
			files = (
			);
			runOnlyForDeploymentPostprocessing = 0;
		};
		255EF8072E4A1FCD000A8BCA /* Resources */ = {
			isa = PBXResourcesBuildPhase;
			buildActionMask = 2147483647;
			files = (
			);
			runOnlyForDeploymentPostprocessing = 0;
		};
		255EF8112E4A1FCD000A8BCA /* Resources */ = {
			isa = PBXResourcesBuildPhase;
			buildActionMask = 2147483647;
			files = (
			);
			runOnlyForDeploymentPostprocessing = 0;
		};
/* End PBXResourcesBuildPhase section */

/* Begin PBXSourcesBuildPhase section */
		255EF7F82E4A1FCB000A8BCA /* Sources */ = {
			isa = PBXSourcesBuildPhase;
			buildActionMask = 2147483647;
			files = (
			);
			runOnlyForDeploymentPostprocessing = 0;
		};
		255EF8052E4A1FCD000A8BCA /* Sources */ = {
			isa = PBXSourcesBuildPhase;
			buildActionMask = 2147483647;
			files = (
			);
			runOnlyForDeploymentPostprocessing = 0;
		};
		255EF80F2E4A1FCD000A8BCA /* Sources */ = {
			isa = PBXSourcesBuildPhase;
			buildActionMask = 2147483647;
			files = (
			);
			runOnlyForDeploymentPostprocessing = 0;
		};
/* End PBXSourcesBuildPhase section */

/* Begin PBXTargetDependency section */
		255EF80B2E4A1FCD000A8BCA /* PBXTargetDependency */ = {
			isa = PBXTargetDependency;
			target = 255EF7FB2E4A1FCB000A8BCA /* harmonica */;
			targetProxy = 255EF80A2E4A1FCD000A8BCA /* PBXContainerItemProxy */;
		};
		255EF8152E4A1FCD000A8BCA /* PBXTargetDependency */ = {
			isa = PBXTargetDependency;
			target = 255EF7FB2E4A1FCB000A8BCA /* harmonica */;
			targetProxy = 255EF8142E4A1FCD000A8BCA /* PBXContainerItemProxy */;
		};
/* End PBXTargetDependency section */

/* Begin XCBuildConfiguration section */
		255EF81B2E4A1FCD000A8BCA /* Debug */ = {
			isa = XCBuildConfiguration;
			buildSettings = {
				ALWAYS_SEARCH_USER_PATHS = NO;
				ASSETCATALOG_COMPILER_GENERATE_SWIFT_ASSET_SYMBOL_EXTENSIONS = YES;
				CLANG_ANALYZER_NONNULL = YES;
				CLANG_ANALYZER_NUMBER_OBJECT_CONVERSION = YES_AGGRESSIVE;
				CLANG_CXX_LANGUAGE_STANDARD = "gnu++20";
				CLANG_ENABLE_MODULES = YES;
				CLANG_ENABLE_OBJC_ARC = YES;
				CLANG_ENABLE_OBJC_WEAK = YES;
				CLANG_WARN_BLOCK_CAPTURE_AUTORELEASING = YES;
				CLANG_WARN_BOOL_CONVERSION = YES;
				CLANG_WARN_COMMA = YES;
				CLANG_WARN_CONSTANT_CONVERSION = YES;
				CLANG_WARN_DEPRECATED_OBJC_IMPLEMENTATIONS = YES;
				CLANG_WARN_DIRECT_OBJC_ISA_USAGE = YES_ERROR;
				CLANG_WARN_DOCUMENTATION_COMMENTS = YES;
				CLANG_WARN_EMPTY_BODY = YES;
				CLANG_WARN_ENUM_CONVERSION = YES;
				CLANG_WARN_INFINITE_RECURSION = YES;
				CLANG_WARN_INT_CONVERSION = YES;
				CLANG_WARN_NON_LITERAL_NULL_CONVERSION = YES;
				CLANG_WARN_OBJC_IMPLICIT_RETAIN_SELF = YES;
				CLANG_WARN_OBJC_LITERAL_CONVERSION = YES;
				CLANG_WARN_OBJC_ROOT_CLASS = YES_ERROR;
				CLANG_WARN_QUOTED_INCLUDE_IN_FRAMEWORK_HEADER = YES;
				CLANG_WARN_RANGE_LOOP_ANALYSIS = YES;
				CLANG_WARN_STRICT_PROTOTYPES = YES;
				CLANG_WARN_SUSPICIOUS_MOVE = YES;
				CLANG_WARN_UNGUARDED_AVAILABILITY = YES_AGGRESSIVE;
				CLANG_WARN_UNREACHABLE_CODE = YES;
				CLANG_WARN__DUPLICATE_METHOD_MATCH = YES;
				COPY_PHASE_STRIP = NO;
				DEBUG_INFORMATION_FORMAT = dwarf;
				DEVELOPMENT_TEAM = G8UC769X7B;
				ENABLE_STRICT_OBJC_MSGSEND = YES;
				ENABLE_TESTABILITY = YES;
				ENABLE_USER_SCRIPT_SANDBOXING = YES;
				GCC_C_LANGUAGE_STANDARD = gnu17;
				GCC_DYNAMIC_NO_PIC = NO;
				GCC_NO_COMMON_BLOCKS = YES;
				GCC_OPTIMIZATION_LEVEL = 0;
				GCC_PREPROCESSOR_DEFINITIONS = (
					"DEBUG=1",
					"$(inherited)",
				);
				GCC_WARN_64_TO_32_BIT_CONVERSION = YES;
				GCC_WARN_ABOUT_RETURN_TYPE = YES_ERROR;
				GCC_WARN_UNDECLARED_SELECTOR = YES;
				GCC_WARN_UNINITIALIZED_AUTOS = YES_AGGRESSIVE;
				GCC_WARN_UNUSED_FUNCTION = YES;
				GCC_WARN_UNUSED_VARIABLE = YES;
				IPHONEOS_DEPLOYMENT_TARGET = 18.5;
				LOCALIZATION_PREFERS_STRING_CATALOGS = YES;
				MTL_ENABLE_DEBUG_INFO = INCLUDE_SOURCE;
				MTL_FAST_MATH = YES;
				ONLY_ACTIVE_ARCH = YES;
				SDKROOT = iphoneos;
				SWIFT_ACTIVE_COMPILATION_CONDITIONS = "DEBUG $(inherited)";
				SWIFT_OPTIMIZATION_LEVEL = "-Onone";
			};
			name = Debug;
		};
		255EF81C2E4A1FCD000A8BCA /* Release */ = {
			isa = XCBuildConfiguration;
			buildSettings = {
				ALWAYS_SEARCH_USER_PATHS = NO;
				ASSETCATALOG_COMPILER_GENERATE_SWIFT_ASSET_SYMBOL_EXTENSIONS = YES;
				CLANG_ANALYZER_NONNULL = YES;
				CLANG_ANALYZER_NUMBER_OBJECT_CONVERSION = YES_AGGRESSIVE;
				CLANG_CXX_LANGUAGE_STANDARD = "gnu++20";
				CLANG_ENABLE_MODULES = YES;
				CLANG_ENABLE_OBJC_ARC = YES;
				CLANG_ENABLE_OBJC_WEAK = YES;
				CLANG_WARN_BLOCK_CAPTURE_AUTORELEASING = YES;
				CLANG_WARN_BOOL_CONVERSION = YES;
				CLANG_WARN_COMMA = YES;
				CLANG_WARN_CONSTANT_CONVERSION = YES;
				CLANG_WARN_DEPRECATED_OBJC_IMPLEMENTATIONS = YES;
				CLANG_WARN_DIRECT_OBJC_ISA_USAGE = YES_ERROR;
				CLANG_WARN_DOCUMENTATION_COMMENTS = YES;
				CLANG_WARN_EMPTY_BODY = YES;
				CLANG_WARN_ENUM_CONVERSION = YES;
				CLANG_WARN_INFINITE_RECURSION = YES;
				CLANG_WARN_INT_CONVERSION = YES;
				CLANG_WARN_NON_LITERAL_NULL_CONVERSION = YES;
				CLANG_WARN_OBJC_IMPLICIT_RETAIN_SELF = YES;
				CLANG_WARN_OBJC_LITERAL_CONVERSION = YES;
				CLANG_WARN_OBJC_ROOT_CLASS = YES_ERROR;
				CLANG_WARN_QUOTED_INCLUDE_IN_FRAMEWORK_HEADER = YES;
				CLANG_WARN_RANGE_LOOP_ANALYSIS = YES;
				CLANG_WARN_STRICT_PROTOTYPES = YES;
				CLANG_WARN_SUSPICIOUS_MOVE = YES;
				CLANG_WARN_UNGUARDED_AVAILABILITY = YES_AGGRESSIVE;
				CLANG_WARN_UNREACHABLE_CODE = YES;
				CLANG_WARN__DUPLICATE_METHOD_MATCH = YES;
				COPY_PHASE_STRIP = NO;
				DEBUG_INFORMATION_FORMAT = "dwarf-with-dsym";
				DEVELOPMENT_TEAM = G8UC769X7B;
				ENABLE_NS_ASSERTIONS = NO;
				ENABLE_STRICT_OBJC_MSGSEND = YES;
				ENABLE_USER_SCRIPT_SANDBOXING = YES;
				GCC_C_LANGUAGE_STANDARD = gnu17;
				GCC_NO_COMMON_BLOCKS = YES;
				GCC_WARN_64_TO_32_BIT_CONVERSION = YES;
				GCC_WARN_ABOUT_RETURN_TYPE = YES_ERROR;
				GCC_WARN_UNDECLARED_SELECTOR = YES;
				GCC_WARN_UNINITIALIZED_AUTOS = YES_AGGRESSIVE;
				GCC_WARN_UNUSED_FUNCTION = YES;
				GCC_WARN_UNUSED_VARIABLE = YES;
				IPHONEOS_DEPLOYMENT_TARGET = 18.5;
				LOCALIZATION_PREFERS_STRING_CATALOGS = YES;
				MTL_ENABLE_DEBUG_INFO = NO;
				MTL_FAST_MATH = YES;
				SDKROOT = iphoneos;
				SWIFT_COMPILATION_MODE = wholemodule;
				VALIDATE_PRODUCT = YES;
			};
			name = Release;
		};
		255EF81E2E4A1FCD000A8BCA /* Debug */ = {
			isa = XCBuildConfiguration;
			buildSettings = {
				ASSETCATALOG_COMPILER_APPICON_NAME = AppIcon;
				ASSETCATALOG_COMPILER_GLOBAL_ACCENT_COLOR_NAME = AccentColor;
				CODE_SIGN_STYLE = Automatic;
				CURRENT_PROJECT_VERSION = 1;
				DEVELOPMENT_TEAM = G8UC769X7B;
				ENABLE_PREVIEWS = YES;
				GENERATE_INFOPLIST_FILE = YES;
				INFOPLIST_KEY_UIApplicationSceneManifest_Generation = YES;
				INFOPLIST_KEY_UIApplicationSupportsIndirectInputEvents = YES;
				INFOPLIST_KEY_UILaunchScreen_Generation = YES;
				INFOPLIST_KEY_UISupportedInterfaceOrientations_iPad = "UIInterfaceOrientationPortrait UIInterfaceOrientationPortraitUpsideDown UIInterfaceOrientationLandscapeLeft UIInterfaceOrientationLandscapeRight";
				INFOPLIST_KEY_UISupportedInterfaceOrientations_iPhone = "UIInterfaceOrientationPortrait UIInterfaceOrientationLandscapeLeft UIInterfaceOrientationLandscapeRight";
				LD_RUNPATH_SEARCH_PATHS = (
					"$(inherited)",
					"@executable_path/Frameworks",
				);
				MARKETING_VERSION = 1.0;
				PRODUCT_BUNDLE_IDENTIFIER = com.feyzullahkodat.harmonica;
				PRODUCT_NAME = "$(TARGET_NAME)";
				SWIFT_EMIT_LOC_STRINGS = YES;
				SWIFT_VERSION = 5.0;
				TARGETED_DEVICE_FAMILY = "1,2";
			};
			name = Debug;
		};
		255EF81F2E4A1FCD000A8BCA /* Release */ = {
			isa = XCBuildConfiguration;
			buildSettings = {
				ASSETCATALOG_COMPILER_APPICON_NAME = AppIcon;
				ASSETCATALOG_COMPILER_GLOBAL_ACCENT_COLOR_NAME = AccentColor;
				CODE_SIGN_STYLE = Automatic;
				CURRENT_PROJECT_VERSION = 1;
				DEVELOPMENT_TEAM = G8UC769X7B;
				ENABLE_PREVIEWS = YES;
				GENERATE_INFOPLIST_FILE = YES;
				INFOPLIST_KEY_UIApplicationSceneManifest_Generation = YES;
				INFOPLIST_KEY_UIApplicationSupportsIndirectInputEvents = YES;
				INFOPLIST_KEY_UILaunchScreen_Generation = YES;
				INFOPLIST_KEY_UISupportedInterfaceOrientations_iPad = "UIInterfaceOrientationPortrait UIInterfaceOrientationPortraitUpsideDown UIInterfaceOrientationLandscapeLeft UIInterfaceOrientationLandscapeRight";
				INFOPLIST_KEY_UISupportedInterfaceOrientations_iPhone = "UIInterfaceOrientationPortrait UIInterfaceOrientationLandscapeLeft UIInterfaceOrientationLandscapeRight";
				LD_RUNPATH_SEARCH_PATHS = (
					"$(inherited)",
					"@executable_path/Frameworks",
				);
				MARKETING_VERSION = 1.0;
				PRODUCT_BUNDLE_IDENTIFIER = com.feyzullahkodat.harmonica;
				PRODUCT_NAME = "$(TARGET_NAME)";
				SWIFT_EMIT_LOC_STRINGS = YES;
				SWIFT_VERSION = 5.0;
				TARGETED_DEVICE_FAMILY = "1,2";
			};
			name = Release;
		};
		255EF8212E4A1FCD000A8BCA /* Debug */ = {
			isa = XCBuildConfiguration;
			buildSettings = {
				BUNDLE_LOADER = "$(TEST_HOST)";
				CODE_SIGN_STYLE = Automatic;
				CURRENT_PROJECT_VERSION = 1;
				DEVELOPMENT_TEAM = G8UC769X7B;
				GENERATE_INFOPLIST_FILE = YES;
				IPHONEOS_DEPLOYMENT_TARGET = 18.5;
				MARKETING_VERSION = 1.0;
				PRODUCT_BUNDLE_IDENTIFIER = com.feyzullahkodat.harmonicaTests;
				PRODUCT_NAME = "$(TARGET_NAME)";
				SWIFT_EMIT_LOC_STRINGS = NO;
				SWIFT_VERSION = 5.0;
				TARGETED_DEVICE_FAMILY = "1,2";
				TEST_HOST = "$(BUILT_PRODUCTS_DIR)/harmonica.app/$(BUNDLE_EXECUTABLE_FOLDER_PATH)/harmonica";
			};
			name = Debug;
		};
		255EF8222E4A1FCD000A8BCA /* Release */ = {
			isa = XCBuildConfiguration;
			buildSettings = {
				BUNDLE_LOADER = "$(TEST_HOST)";
				CODE_SIGN_STYLE = Automatic;
				CURRENT_PROJECT_VERSION = 1;
				DEVELOPMENT_TEAM = G8UC769X7B;
				GENERATE_INFOPLIST_FILE = YES;
				IPHONEOS_DEPLOYMENT_TARGET = 18.5;
				MARKETING_VERSION = 1.0;
				PRODUCT_BUNDLE_IDENTIFIER = com.feyzullahkodat.harmonicaTests;
				PRODUCT_NAME = "$(TARGET_NAME)";
				SWIFT_EMIT_LOC_STRINGS = NO;
				SWIFT_VERSION = 5.0;
				TARGETED_DEVICE_FAMILY = "1,2";
				TEST_HOST = "$(BUILT_PRODUCTS_DIR)/harmonica.app/$(BUNDLE_EXECUTABLE_FOLDER_PATH)/harmonica";
			};
			name = Release;
		};
		255EF8242E4A1FCD000A8BCA /* Debug */ = {
			isa = XCBuildConfiguration;
			buildSettings = {
				CODE_SIGN_STYLE = Automatic;
				CURRENT_PROJECT_VERSION = 1;
				DEVELOPMENT_TEAM = G8UC769X7B;
				GENERATE_INFOPLIST_FILE = YES;
				MARKETING_VERSION = 1.0;
				PRODUCT_BUNDLE_IDENTIFIER = com.feyzullahkodat.harmonicaUITests;
				PRODUCT_NAME = "$(TARGET_NAME)";
				SWIFT_EMIT_LOC_STRINGS = NO;
				SWIFT_VERSION = 5.0;
				TARGETED_DEVICE_FAMILY = "1,2";
				TEST_TARGET_NAME = harmonica;
			};
			name = Debug;
		};
		255EF8252E4A1FCD000A8BCA /* Release */ = {
			isa = XCBuildConfiguration;
			buildSettings = {
				CODE_SIGN_STYLE = Automatic;
				CURRENT_PROJECT_VERSION = 1;
				DEVELOPMENT_TEAM = G8UC769X7B;
				GENERATE_INFOPLIST_FILE = YES;
				MARKETING_VERSION = 1.0;
				PRODUCT_BUNDLE_IDENTIFIER = com.feyzullahkodat.harmonicaUITests;
				PRODUCT_NAME = "$(TARGET_NAME)";
				SWIFT_EMIT_LOC_STRINGS = NO;
				SWIFT_VERSION = 5.0;
				TARGETED_DEVICE_FAMILY = "1,2";
				TEST_TARGET_NAME = harmonica;
			};
			name = Release;
		};
/* End XCBuildConfiguration section */

/* Begin XCConfigurationList section */
		255EF7F72E4A1FCB000A8BCA /* Build configuration list for PBXProject "harmonica" */ = {
			isa = XCConfigurationList;
			buildConfigurations = (
				255EF81B2E4A1FCD000A8BCA /* Debug */,
				255EF81C2E4A1FCD000A8BCA /* Release */,
			);
			defaultConfigurationIsVisible = 0;
			defaultConfigurationName = Release;
		};
		255EF81D2E4A1FCD000A8BCA /* Build configuration list for PBXNativeTarget "harmonica" */ = {
			isa = XCConfigurationList;
			buildConfigurations = (
				255EF81E2E4A1FCD000A8BCA /* Debug */,
				255EF81F2E4A1FCD000A8BCA /* Release */,
			);
			defaultConfigurationIsVisible = 0;
			defaultConfigurationName = Release;
		};
		255EF8202E4A1FCD000A8BCA /* Build configuration list for PBXNativeTarget "harmonicaTests" */ = {
			isa = XCConfigurationList;
			buildConfigurations = (
				255EF8212E4A1FCD000A8BCA /* Debug */,
				255EF8222E4A1FCD000A8BCA /* Release */,
			);
			defaultConfigurationIsVisible = 0;
			defaultConfigurationName = Release;
		};
		255EF8232E4A1FCD000A8BCA /* Build configuration list for PBXNativeTarget "harmonicaUITests" */ = {
			isa = XCConfigurationList;
			buildConfigurations = (
				255EF8242E4A1FCD000A8BCA /* Debug */,
				255EF8252E4A1FCD000A8BCA /* Release */,
			);
			defaultConfigurationIsVisible = 0;
			defaultConfigurationName = Release;
		};
/* End XCConfigurationList section */
	};
	rootObject = 255EF7F42E4A1FCB000A8BCA /* Project object */;
}
